
Microsoft Visual Studio Solution File, Format Version 12.00
# Visual Studio Version 17
VisualStudioVersion = 17.12.35527.113
MinimumVisualStudioVersion = 10.0.40219.1
Project("{FAE04EC0-301F-11D3-BF4B-00C04F79EFBC}") = "SmartCities-Tests", "SmartCities-Tests.csproj", "{B04A60F7-78A6-40DD-849B-4E516BED14C6}"
EndProject
Project("{FAE04EC0-301F-11D3-BF4B-00C04F79EFBC}") = "SmartCities.Api", "..\SmartCities.Api\SmartCities.Api.csproj", "{793D4CB7-E240-41AA-99C2-D3727B5F3526}"
EndProject
Global
	GlobalSection(SolutionConfigurationPlatforms) = preSolution
		Debug|Any CPU = Debug|Any CPU
		Release|Any CPU = Release|Any CPU
	EndGlobalSection
	GlobalSection(ProjectConfigurationPlatforms) = postSolution
		{B04A60F7-78A6-40DD-849B-4E516BED14C6}.Debug|Any CPU.ActiveCfg = Debug|Any CPU
		{B04A60F7-78A6-40DD-849B-4E516BED14C6}.Debug|Any CPU.Build.0 = Debug|Any CPU
		{B04A60F7-78A6-40DD-849B-4E516BED14C6}.Release|Any CPU.ActiveCfg = Release|Any CPU
		{B04A60F7-78A6-40DD-849B-4E516BED14C6}.Release|Any CPU.Build.0 = Release|Any CPU
		{793D4CB7-E240-41AA-99C2-D3727B5F3526}.Debug|Any CPU.ActiveCfg = Debug|Any CPU
		{793D4CB7-E240-41AA-99C2-D3727B5F3526}.Debug|Any CPU.Build.0 = Debug|Any CPU
		{793D4CB7-E240-41AA-99C2-D3727B5F3526}.Release|Any CPU.ActiveCfg = Release|Any CPU
		{793D4CB7-E240-41AA-99C2-D3727B5F3526}.Release|Any CPU.Build.0 = Release|Any CPU
	EndGlobalSection
	GlobalSection(SolutionProperties) = preSolution
		HideSolutionNode = FALSE
	EndGlobalSection
EndGlobal
